
Microsoft Visual Studio Solution File, Format Version 12.00
# Visual Studio 2017
Project("{FAE04EC0-301F-11D3-BF4B-00C04F79EFBC}") = "Intelligence Surveillance System Project.Plugins", "Intelligence Surveillance System Project.Plugins.csproj", "{83B148C0-3173-A396-FBE3-704AB8909CC4}"
EndProject
Project("{FAE04EC0-301F-11D3-BF4B-00C04F79EFBC}") = "Intelligence Surveillance System Project", "Intelligence Surveillance System Project.csproj", "{9CA0CBD3-5EE1-79B9-6746-F5A1C254050C}"
EndProject
Project("{FAE04EC0-301F-11D3-BF4B-00C04F79EFBC}") = "Intelligence Surveillance System Project.Editor.Plugins", "Intelligence Surveillance System Project.Editor.Plugins.csproj", "{3CED8A69-4EB0-1318-E5C3-543DEFC59E12}"
EndProject
Global
	GlobalSection(SolutionConfigurationPlatforms) = preSolution
		Debug|Any CPU = Debug|Any CPU
		Release|Any CPU = Release|Any CPU
	EndGlobalSection
	GlobalSection(ProjectConfigurationPlatforms) = postSolution
		{83B148C0-3173-A396-FBE3-704AB8909CC4}.Debug|Any CPU.ActiveCfg = Debug|Any CPU
		{83B148C0-3173-A396-FBE3-704AB8909CC4}.Debug|Any CPU.Build.0 = Debug|Any CPU
		{83B148C0-3173-A396-FBE3-704AB8909CC4}.Release|Any CPU.ActiveCfg = Release|Any CPU
		{83B148C0-3173-A396-FBE3-704AB8909CC4}.Release|Any CPU.Build.0 = Release|Any CPU
		{9CA0CBD3-5EE1-79B9-6746-F5A1C254050C}.Debug|Any CPU.ActiveCfg = Debug|Any CPU
		{9CA0CBD3-5EE1-79B9-6746-F5A1C254050C}.Debug|Any CPU.Build.0 = Debug|Any CPU
		{9CA0CBD3-5EE1-79B9-6746-F5A1C254050C}.Release|Any CPU.ActiveCfg = Release|Any CPU
		{9CA0CBD3-5EE1-79B9-6746-F5A1C254050C}.Release|Any CPU.Build.0 = Release|Any CPU
		{3CED8A69-4EB0-1318-E5C3-543DEFC59E12}.Debug|Any CPU.ActiveCfg = Debug|Any CPU
		{3CED8A69-4EB0-1318-E5C3-543DEFC59E12}.Debug|Any CPU.Build.0 = Debug|Any CPU
		{3CED8A69-4EB0-1318-E5C3-543DEFC59E12}.Release|Any CPU.ActiveCfg = Release|Any CPU
		{3CED8A69-4EB0-1318-E5C3-543DEFC59E12}.Release|Any CPU.Build.0 = Release|Any CPU
	EndGlobalSection
	GlobalSection(SolutionProperties) = preSolution
		HideSolutionNode = FALSE
	EndGlobalSection
EndGlobal
